
Microsoft Visual Studio Solution File, Format Version 12.00
# Visual Studio Version 17
VisualStudioVersion = 17.0.31903.59
MinimumVisualStudioVersion = 10.0.40219.1
Project("{2150E333-8FDC-42A3-9474-1A3956D46DE8}") = "src", "src", "{827E0CD3-B72D-47B6-A68D-7590B98EB39B}"
EndProject
Project("{2150E333-8FDC-42A3-9474-1A3956D46DE8}") = "Lancamentos", "Lancamentos", "{1C1F77DF-F3F6-441D-20B8-111DF5D78BE2}"
EndProject
Project("{FAE04EC0-301F-11D3-BF4B-00C04F79EFBC}") = "Lancamentos.Api", "src\Lancamentos\Lancamentos.Api\Lancamentos.Api.csproj", "{A4B0BA65-26AA-495B-817D-1DE5CE9AD6A7}"
EndProject
Project("{FAE04EC0-301F-11D3-BF4B-00C04F79EFBC}") = "Lancamentos.Application", "src\Lancamentos\Lancamentos.Application\Lancamentos.Application.csproj", "{C2F5F7E0-535B-4BB1-BA02-C7AC7743ACBE}"
EndProject
Project("{FAE04EC0-301F-11D3-BF4B-00C04F79EFBC}") = "Lancamentos.Domain", "src\Lancamentos\Lancamentos.Domain\Lancamentos.Domain.csproj", "{163841C6-D23A-4B4C-8421-BAEF6D97234F}"
EndProject
Project("{FAE04EC0-301F-11D3-BF4B-00C04F79EFBC}") = "Lancamentos.Infrastructure", "src\Lancamentos\Lancamentos.Infrastructure\Lancamentos.Infrastructure.csproj", "{87228CE5-F6A2-4966-9893-C47448F85062}"
EndProject
Project("{2150E333-8FDC-42A3-9474-1A3956D46DE8}") = "Consolidado", "Consolidado", "{C18697E6-5490-364D-6F4C-4FBFD573A14C}"
EndProject
Project("{FAE04EC0-301F-11D3-BF4B-00C04F79EFBC}") = "Consolidado.Api", "src\Consolidado\Consolidado.Api\Consolidado.Api.csproj", "{09B5E1A1-5BDD-4274-A0F3-D15C2B4F207C}"
EndProject
Project("{FAE04EC0-301F-11D3-BF4B-00C04F79EFBC}") = "Consolidado.Application", "src\Consolidado\Consolidado.Application\Consolidado.Application.csproj", "{456E04E6-367D-40CA-9416-9A3E6D50E461}"
EndProject
Project("{FAE04EC0-301F-11D3-BF4B-00C04F79EFBC}") = "Consolidado.Domain", "src\Consolidado\Consolidado.Domain\Consolidado.Domain.csproj", "{AB446B6D-2C0E-4A7B-A355-DFBA69EA88BD}"
EndProject
Project("{FAE04EC0-301F-11D3-BF4B-00C04F79EFBC}") = "Consolidado.Infrastructure", "src\Consolidado\Consolidado.Infrastructure\Consolidado.Infrastructure.csproj", "{5E69F78B-9F00-4CD0-A2D3-FD60B7F107CD}"
EndProject
Project("{2150E333-8FDC-42A3-9474-1A3956D46DE8}") = "Shared", "Shared", "{C8E42992-5E42-0C2B-DBFE-AA848D06431C}"
EndProject
Project("{FAE04EC0-301F-11D3-BF4B-00C04F79EFBC}") = "Shared.Contracts", "src\Shared\Shared.Contracts\Shared.Contracts.csproj", "{0DBE92E9-0706-4936-A230-CF7C8D6AA813}"
EndProject
Project("{2150E333-8FDC-42A3-9474-1A3956D46DE8}") = "tests", "tests", "{0AB3BF05-4346-4AA6-1389-037BE0695223}"
EndProject
Project("{FAE04EC0-301F-11D3-BF4B-00C04F79EFBC}") = "Lancamentos.Domain.Tests", "tests\Lancamentos.Domain.Tests\Lancamentos.Domain.Tests.csproj", "{C9876C9E-0875-49D2-B89B-0D8318D665E9}"
EndProject
Project("{FAE04EC0-301F-11D3-BF4B-00C04F79EFBC}") = "Lancamentos.Application.Tests", "tests\Lancamentos.Application.Tests\Lancamentos.Application.Tests.csproj", "{18766F49-3256-4EC7-B4B4-9A43586626C8}"
EndProject
Project("{FAE04EC0-301F-11D3-BF4B-00C04F79EFBC}") = "Consolidado.Domain.Tests", "tests\Consolidado.Domain.Tests\Consolidado.Domain.Tests.csproj", "{44086AA0-822A-4B03-BA81-60CAD9BB5CC7}"
EndProject
Project("{FAE04EC0-301F-11D3-BF4B-00C04F79EFBC}") = "Consolidado.Application.Tests", "tests\Consolidado.Application.Tests\Consolidado.Application.Tests.csproj", "{B118B266-13C8-49B3-A9F2-21C76DFC0060}"
EndProject
Global
	GlobalSection(SolutionConfigurationPlatforms) = preSolution
		Debug|Any CPU = Debug|Any CPU
		Debug|x64 = Debug|x64
		Debug|x86 = Debug|x86
		Release|Any CPU = Release|Any CPU
		Release|x64 = Release|x64
		Release|x86 = Release|x86
	EndGlobalSection
	GlobalSection(ProjectConfigurationPlatforms) = postSolution
		{A4B0BA65-26AA-495B-817D-1DE5CE9AD6A7}.Debug|Any CPU.ActiveCfg = Debug|Any CPU
		{A4B0BA65-26AA-495B-817D-1DE5CE9AD6A7}.Debug|Any CPU.Build.0 = Debug|Any CPU
		{A4B0BA65-26AA-495B-817D-1DE5CE9AD6A7}.Debug|x64.ActiveCfg = Debug|Any CPU
		{A4B0BA65-26AA-495B-817D-1DE5CE9AD6A7}.Debug|x64.Build.0 = Debug|Any CPU
		{A4B0BA65-26AA-495B-817D-1DE5CE9AD6A7}.Debug|x86.ActiveCfg = Debug|Any CPU
		{A4B0BA65-26AA-495B-817D-1DE5CE9AD6A7}.Debug|x86.Build.0 = Debug|Any CPU
		{A4B0BA65-26AA-495B-817D-1DE5CE9AD6A7}.Release|Any CPU.ActiveCfg = Release|Any CPU
		{A4B0BA65-26AA-495B-817D-1DE5CE9AD6A7}.Release|Any CPU.Build.0 = Release|Any CPU
		{A4B0BA65-26AA-495B-817D-1DE5CE9AD6A7}.Release|x64.ActiveCfg = Release|Any CPU
		{A4B0BA65-26AA-495B-817D-1DE5CE9AD6A7}.Release|x64.Build.0 = Release|Any CPU
		{A4B0BA65-26AA-495B-817D-1DE5CE9AD6A7}.Release|x86.ActiveCfg = Release|Any CPU
		{A4B0BA65-26AA-495B-817D-1DE5CE9AD6A7}.Release|x86.Build.0 = Release|Any CPU
		{C2F5F7E0-535B-4BB1-BA02-C7AC7743ACBE}.Debug|Any CPU.ActiveCfg = Debug|Any CPU
		{C2F5F7E0-535B-4BB1-BA02-C7AC7743ACBE}.Debug|Any CPU.Build.0 = Debug|Any CPU
		{C2F5F7E0-535B-4BB1-BA02-C7AC7743ACBE}.Debug|x64.ActiveCfg = Debug|Any CPU
		{C2F5F7E0-535B-4BB1-BA02-C7AC7743ACBE}.Debug|x64.Build.0 = Debug|Any CPU
		{C2F5F7E0-535B-4BB1-BA02-C7AC7743ACBE}.Debug|x86.ActiveCfg = Debug|Any CPU
		{C2F5F7E0-535B-4BB1-BA02-C7AC7743ACBE}.Debug|x86.Build.0 = Debug|Any CPU
		{C2F5F7E0-535B-4BB1-BA02-C7AC7743ACBE}.Release|Any CPU.ActiveCfg = Release|Any CPU
		{C2F5F7E0-535B-4BB1-BA02-C7AC7743ACBE}.Release|Any CPU.Build.0 = Release|Any CPU
		{C2F5F7E0-535B-4BB1-BA02-C7AC7743ACBE}.Release|x64.ActiveCfg = Release|Any CPU
		{C2F5F7E0-535B-4BB1-BA02-C7AC7743ACBE}.Release|x64.Build.0 = Release|Any CPU
		{C2F5F7E0-535B-4BB1-BA02-C7AC7743ACBE}.Release|x86.ActiveCfg = Release|Any CPU
		{C2F5F7E0-535B-4BB1-BA02-C7AC7743ACBE}.Release|x86.Build.0 = Release|Any CPU
		{163841C6-D23A-4B4C-8421-BAEF6D97234F}.Debug|Any CPU.ActiveCfg = Debug|Any CPU
		{163841C6-D23A-4B4C-8421-BAEF6D97234F}.Debug|Any CPU.Build.0 = Debug|Any CPU
		{163841C6-D23A-4B4C-8421-BAEF6D97234F}.Debug|x64.ActiveCfg = Debug|Any CPU
		{163841C6-D23A-4B4C-8421-BAEF6D97234F}.Debug|x64.Build.0 = Debug|Any CPU
		{163841C6-D23A-4B4C-8421-BAEF6D97234F}.Debug|x86.ActiveCfg = Debug|Any CPU
		{163841C6-D23A-4B4C-8421-BAEF6D97234F}.Debug|x86.Build.0 = Debug|Any CPU
		{163841C6-D23A-4B4C-8421-BAEF6D97234F}.Release|Any CPU.ActiveCfg = Release|Any CPU
		{163841C6-D23A-4B4C-8421-BAEF6D97234F}.Release|Any CPU.Build.0 = Release|Any CPU
		{163841C6-D23A-4B4C-8421-BAEF6D97234F}.Release|x64.ActiveCfg = Release|Any CPU
		{163841C6-D23A-4B4C-8421-BAEF6D97234F}.Release|x64.Build.0 = Release|Any CPU
		{163841C6-D23A-4B4C-8421-BAEF6D97234F}.Release|x86.ActiveCfg = Release|Any CPU
		{163841C6-D23A-4B4C-8421-BAEF6D97234F}.Release|x86.Build.0 = Release|Any CPU
		{87228CE5-F6A2-4966-9893-C47448F85062}.Debug|Any CPU.ActiveCfg = Debug|Any CPU
		{87228CE5-F6A2-4966-9893-C47448F85062}.Debug|Any CPU.Build.0 = Debug|Any CPU
		{87228CE5-F6A2-4966-9893-C47448F85062}.Debug|x64.ActiveCfg = Debug|Any CPU
		{87228CE5-F6A2-4966-9893-C47448F85062}.Debug|x64.Build.0 = Debug|Any CPU
		{87228CE5-F6A2-4966-9893-C47448F85062}.Debug|x86.ActiveCfg = Debug|Any CPU
		{87228CE5-F6A2-4966-9893-C47448F85062}.Debug|x86.Build.0 = Debug|Any CPU
		{87228CE5-F6A2-4966-9893-C47448F85062}.Release|Any CPU.ActiveCfg = Release|Any CPU
		{87228CE5-F6A2-4966-9893-C47448F85062}.Release|Any CPU.Build.0 = Release|Any CPU
		{87228CE5-F6A2-4966-9893-C47448F85062}.Release|x64.ActiveCfg = Release|Any CPU
		{87228CE5-F6A2-4966-9893-C47448F85062}.Release|x64.Build.0 = Release|Any CPU
		{87228CE5-F6A2-4966-9893-C47448F85062}.Release|x86.ActiveCfg = Release|Any CPU
		{87228CE5-F6A2-4966-9893-C47448F85062}.Release|x86.Build.0 = Release|Any CPU
		{09B5E1A1-5BDD-4274-A0F3-D15C2B4F207C}.Debug|Any CPU.ActiveCfg = Debug|Any CPU
		{09B5E1A1-5BDD-4274-A0F3-D15C2B4F207C}.Debug|Any CPU.Build.0 = Debug|Any CPU
		{09B5E1A1-5BDD-4274-A0F3-D15C2B4F207C}.Debug|x64.ActiveCfg = Debug|Any CPU
		{09B5E1A1-5BDD-4274-A0F3-D15C2B4F207C}.Debug|x64.Build.0 = Debug|Any CPU
		{09B5E1A1-5BDD-4274-A0F3-D15C2B4F207C}.Debug|x86.ActiveCfg = Debug|Any CPU
		{09B5E1A1-5BDD-4274-A0F3-D15C2B4F207C}.Debug|x86.Build.0 = Debug|Any CPU
		{09B5E1A1-5BDD-4274-A0F3-D15C2B4F207C}.Release|Any CPU.ActiveCfg = Release|Any CPU
		{09B5E1A1-5BDD-4274-A0F3-D15C2B4F207C}.Release|Any CPU.Build.0 = Release|Any CPU
		{09B5E1A1-5BDD-4274-A0F3-D15C2B4F207C}.Release|x64.ActiveCfg = Release|Any CPU
		{09B5E1A1-5BDD-4274-A0F3-D15C2B4F207C}.Release|x64.Build.0 = Release|Any CPU
		{09B5E1A1-5BDD-4274-A0F3-D15C2B4F207C}.Release|x86.ActiveCfg = Release|Any CPU
		{09B5E1A1-5BDD-4274-A0F3-D15C2B4F207C}.Release|x86.Build.0 = Release|Any CPU
		{456E04E6-367D-40CA-9416-9A3E6D50E461}.Debug|Any CPU.ActiveCfg = Debug|Any CPU
		{456E04E6-367D-40CA-9416-9A3E6D50E461}.Debug|Any CPU.Build.0 = Debug|Any CPU
		{456E04E6-367D-40CA-9416-9A3E6D50E461}.Debug|x64.ActiveCfg = Debug|Any CPU
		{456E04E6-367D-40CA-9416-9A3E6D50E461}.Debug|x64.Build.0 = Debug|Any CPU
		{456E04E6-367D-40CA-9416-9A3E6D50E461}.Debug|x86.ActiveCfg = Debug|Any CPU
		{456E04E6-367D-40CA-9416-9A3E6D50E461}.Debug|x86.Build.0 = Debug|Any CPU
		{456E04E6-367D-40CA-9416-9A3E6D50E461}.Release|Any CPU.ActiveCfg = Release|Any CPU
		{456E04E6-367D-40CA-9416-9A3E6D50E461}.Release|Any CPU.Build.0 = Release|Any CPU
		{456E04E6-367D-40CA-9416-9A3E6D50E461}.Release|x64.ActiveCfg = Release|Any CPU
		{456E04E6-367D-40CA-9416-9A3E6D50E461}.Release|x64.Build.0 = Release|Any CPU
		{456E04E6-367D-40CA-9416-9A3E6D50E461}.Release|x86.ActiveCfg = Release|Any CPU
		{456E04E6-367D-40CA-9416-9A3E6D50E461}.Release|x86.Build.0 = Release|Any CPU
		{AB446B6D-2C0E-4A7B-A355-DFBA69EA88BD}.Debug|Any CPU.ActiveCfg = Debug|Any CPU
		{AB446B6D-2C0E-4A7B-A355-DFBA69EA88BD}.Debug|Any CPU.Build.0 = Debug|Any CPU
		{AB446B6D-2C0E-4A7B-A355-DFBA69EA88BD}.Debug|x64.ActiveCfg = Debug|Any CPU
		{AB446B6D-2C0E-4A7B-A355-DFBA69EA88BD}.Debug|x64.Build.0 = Debug|Any CPU
		{AB446B6D-2C0E-4A7B-A355-DFBA69EA88BD}.Debug|x86.ActiveCfg = Debug|Any CPU
		{AB446B6D-2C0E-4A7B-A355-DFBA69EA88BD}.Debug|x86.Build.0 = Debug|Any CPU
		{AB446B6D-2C0E-4A7B-A355-DFBA69EA88BD}.Release|Any CPU.ActiveCfg = Release|Any CPU
		{AB446B6D-2C0E-4A7B-A355-DFBA69EA88BD}.Release|Any CPU.Build.0 = Release|Any CPU
		{AB446B6D-2C0E-4A7B-A355-DFBA69EA88BD}.Release|x64.ActiveCfg = Release|Any CPU
		{AB446B6D-2C0E-4A7B-A355-DFBA69EA88BD}.Release|x64.Build.0 = Release|Any CPU
		{AB446B6D-2C0E-4A7B-A355-DFBA69EA88BD}.Release|x86.ActiveCfg = Release|Any CPU
		{AB446B6D-2C0E-4A7B-A355-DFBA69EA88BD}.Release|x86.Build.0 = Release|Any CPU
		{5E69F78B-9F00-4CD0-A2D3-FD60B7F107CD}.Debug|Any CPU.ActiveCfg = Debug|Any CPU
		{5E69F78B-9F00-4CD0-A2D3-FD60B7F107CD}.Debug|Any CPU.Build.0 = Debug|Any CPU
		{5E69F78B-9F00-4CD0-A2D3-FD60B7F107CD}.Debug|x64.ActiveCfg = Debug|Any CPU
		{5E69F78B-9F00-4CD0-A2D3-FD60B7F107CD}.Debug|x64.Build.0 = Debug|Any CPU
		{5E69F78B-9F00-4CD0-A2D3-FD60B7F107CD}.Debug|x86.ActiveCfg = Debug|Any CPU
		{5E69F78B-9F00-4CD0-A2D3-FD60B7F107CD}.Debug|x86.Build.0 = Debug|Any CPU
		{5E69F78B-9F00-4CD0-A2D3-FD60B7F107CD}.Release|Any CPU.ActiveCfg = Release|Any CPU
		{5E69F78B-9F00-4CD0-A2D3-FD60B7F107CD}.Release|Any CPU.Build.0 = Release|Any CPU
		{5E69F78B-9F00-4CD0-A2D3-FD60B7F107CD}.Release|x64.ActiveCfg = Release|Any CPU
		{5E69F78B-9F00-4CD0-A2D3-FD60B7F107CD}.Release|x64.Build.0 = Release|Any CPU
		{5E69F78B-9F00-4CD0-A2D3-FD60B7F107CD}.Release|x86.ActiveCfg = Release|Any CPU
		{5E69F78B-9F00-4CD0-A2D3-FD60B7F107CD}.Release|x86.Build.0 = Release|Any CPU
		{0DBE92E9-0706-4936-A230-CF7C8D6AA813}.Debug|Any CPU.ActiveCfg = Debug|Any CPU
		{0DBE92E9-0706-4936-A230-CF7C8D6AA813}.Debug|Any CPU.Build.0 = Debug|Any CPU
		{0DBE92E9-0706-4936-A230-CF7C8D6AA813}.Debug|x64.ActiveCfg = Debug|Any CPU
		{0DBE92E9-0706-4936-A230-CF7C8D6AA813}.Debug|x64.Build.0 = Debug|Any CPU
		{0DBE92E9-0706-4936-A230-CF7C8D6AA813}.Debug|x86.ActiveCfg = Debug|Any CPU
		{0DBE92E9-0706-4936-A230-CF7C8D6AA813}.Debug|x86.Build.0 = Debug|Any CPU
		{0DBE92E9-0706-4936-A230-CF7C8D6AA813}.Release|Any CPU.ActiveCfg = Release|Any CPU
		{0DBE92E9-0706-4936-A230-CF7C8D6AA813}.Release|Any CPU.Build.0 = Release|Any CPU
		{0DBE92E9-0706-4936-A230-CF7C8D6AA813}.Release|x64.ActiveCfg = Release|Any CPU
		{0DBE92E9-0706-4936-A230-CF7C8D6AA813}.Release|x64.Build.0 = Release|Any CPU
		{0DBE92E9-0706-4936-A230-CF7C8D6AA813}.Release|x86.ActiveCfg = Release|Any CPU
		{0DBE92E9-0706-4936-A230-CF7C8D6AA813}.Release|x86.Build.0 = Release|Any CPU
		{C9876C9E-0875-49D2-B89B-0D8318D665E9}.Debug|Any CPU.ActiveCfg = Debug|Any CPU
		{C9876C9E-0875-49D2-B89B-0D8318D665E9}.Debug|Any CPU.Build.0 = Debug|Any CPU
		{C9876C9E-0875-49D2-B89B-0D8318D665E9}.Debug|x64.ActiveCfg = Debug|Any CPU
		{C9876C9E-0875-49D2-B89B-0D8318D665E9}.Debug|x64.Build.0 = Debug|Any CPU
		{C9876C9E-0875-49D2-B89B-0D8318D665E9}.Debug|x86.ActiveCfg = Debug|Any CPU
		{C9876C9E-0875-49D2-B89B-0D8318D665E9}.Debug|x86.Build.0 = Debug|Any CPU
		{C9876C9E-0875-49D2-B89B-0D8318D665E9}.Release|Any CPU.ActiveCfg = Release|Any CPU
		{C9876C9E-0875-49D2-B89B-0D8318D665E9}.Release|Any CPU.Build.0 = Release|Any CPU
		{C9876C9E-0875-49D2-B89B-0D8318D665E9}.Release|x64.ActiveCfg = Release|Any CPU
		{C9876C9E-0875-49D2-B89B-0D8318D665E9}.Release|x64.Build.0 = Release|Any CPU
		{C9876C9E-0875-49D2-B89B-0D8318D665E9}.Release|x86.ActiveCfg = Release|Any CPU
		{C9876C9E-0875-49D2-B89B-0D8318D665E9}.Release|x86.Build.0 = Release|Any CPU
		{18766F49-3256-4EC7-B4B4-9A43586626C8}.Debug|Any CPU.ActiveCfg = Debug|Any CPU
		{18766F49-3256-4EC7-B4B4-9A43586626C8}.Debug|Any CPU.Build.0 = Debug|Any CPU
		{18766F49-3256-4EC7-B4B4-9A43586626C8}.Debug|x64.ActiveCfg = Debug|Any CPU
		{18766F49-3256-4EC7-B4B4-9A43586626C8}.Debug|x64.Build.0 = Debug|Any CPU
		{18766F49-3256-4EC7-B4B4-9A43586626C8}.Debug|x86.ActiveCfg = Debug|Any CPU
		{18766F49-3256-4EC7-B4B4-9A43586626C8}.Debug|x86.Build.0 = Debug|Any CPU
		{18766F49-3256-4EC7-B4B4-9A43586626C8}.Release|Any CPU.ActiveCfg = Release|Any CPU
		{18766F49-3256-4EC7-B4B4-9A43586626C8}.Release|Any CPU.Build.0 = Release|Any CPU
		{18766F49-3256-4EC7-B4B4-9A43586626C8}.Release|x64.ActiveCfg = Release|Any CPU
		{18766F49-3256-4EC7-B4B4-9A43586626C8}.Release|x64.Build.0 = Release|Any CPU
		{18766F49-3256-4EC7-B4B4-9A43586626C8}.Release|x86.ActiveCfg = Release|Any CPU
		{18766F49-3256-4EC7-B4B4-9A43586626C8}.Release|x86.Build.0 = Release|Any CPU
		{44086AA0-822A-4B03-BA81-60CAD9BB5CC7}.Debug|Any CPU.ActiveCfg = Debug|Any CPU
		{44086AA0-822A-4B03-BA81-60CAD9BB5CC7}.Debug|Any CPU.Build.0 = Debug|Any CPU
		{44086AA0-822A-4B03-BA81-60CAD9BB5CC7}.Debug|x64.ActiveCfg = Debug|Any CPU
		{44086AA0-822A-4B03-BA81-60CAD9BB5CC7}.Debug|x64.Build.0 = Debug|Any CPU
		{44086AA0-822A-4B03-BA81-60CAD9BB5CC7}.Debug|x86.ActiveCfg = Debug|Any CPU
		{44086AA0-822A-4B03-BA81-60CAD9BB5CC7}.Debug|x86.Build.0 = Debug|Any CPU
		{44086AA0-822A-4B03-BA81-60CAD9BB5CC7}.Release|Any CPU.ActiveCfg = Release|Any CPU
		{44086AA0-822A-4B03-BA81-60CAD9BB5CC7}.Release|Any CPU.Build.0 = Release|Any CPU
		{44086AA0-822A-4B03-BA81-60CAD9BB5CC7}.Release|x64.ActiveCfg = Release|Any CPU
		{44086AA0-822A-4B03-BA81-60CAD9BB5CC7}.Release|x64.Build.0 = Release|Any CPU
		{44086AA0-822A-4B03-BA81-60CAD9BB5CC7}.Release|x86.ActiveCfg = Release|Any CPU
		{44086AA0-822A-4B03-BA81-60CAD9BB5CC7}.Release|x86.Build.0 = Release|Any CPU
		{B118B266-13C8-49B3-A9F2-21C76DFC0060}.Debug|Any CPU.ActiveCfg = Debug|Any CPU
		{B118B266-13C8-49B3-A9F2-21C76DFC0060}.Debug|Any CPU.Build.0 = Debug|Any CPU
		{B118B266-13C8-49B3-A9F2-21C76DFC0060}.Debug|x64.ActiveCfg = Debug|Any CPU
		{B118B266-13C8-49B3-A9F2-21C76DFC0060}.Debug|x64.Build.0 = Debug|Any CPU
		{B118B266-13C8-49B3-A9F2-21C76DFC0060}.Debug|x86.ActiveCfg = Debug|Any CPU
		{B118B266-13C8-49B3-A9F2-21C76DFC0060}.Debug|x86.Build.0 = Debug|Any CPU
		{B118B266-13C8-49B3-A9F2-21C76DFC0060}.Release|Any CPU.ActiveCfg = Release|Any CPU
		{B118B266-13C8-49B3-A9F2-21C76DFC0060}.Release|Any CPU.Build.0 = Release|Any CPU
		{B118B266-13C8-49B3-A9F2-21C76DFC0060}.Release|x64.ActiveCfg = Release|Any CPU
		{B118B266-13C8-49B3-A9F2-21C76DFC0060}.Release|x64.Build.0 = Release|Any CPU
		{B118B266-13C8-49B3-A9F2-21C76DFC0060}.Release|x86.ActiveCfg = Release|Any CPU
		{B118B266-13C8-49B3-A9F2-21C76DFC0060}.Release|x86.Build.0 = Release|Any CPU
	EndGlobalSection
	GlobalSection(SolutionProperties) = preSolution
		HideSolutionNode = FALSE
	EndGlobalSection
	GlobalSection(NestedProjects) = preSolution
		{1C1F77DF-F3F6-441D-20B8-111DF5D78BE2} = {827E0CD3-B72D-47B6-A68D-7590B98EB39B}
		{A4B0BA65-26AA-495B-817D-1DE5CE9AD6A7} = {1C1F77DF-F3F6-441D-20B8-111DF5D78BE2}
		{C2F5F7E0-535B-4BB1-BA02-C7AC7743ACBE} = {1C1F77DF-F3F6-441D-20B8-111DF5D78BE2}
		{163841C6-D23A-4B4C-8421-BAEF6D97234F} = {1C1F77DF-F3F6-441D-20B8-111DF5D78BE2}
		{87228CE5-F6A2-4966-9893-C47448F85062} = {1C1F77DF-F3F6-441D-20B8-111DF5D78BE2}
		{C18697E6-5490-364D-6F4C-4FBFD573A14C} = {827E0CD3-B72D-47B6-A68D-7590B98EB39B}
		{09B5E1A1-5BDD-4274-A0F3-D15C2B4F207C} = {C18697E6-5490-364D-6F4C-4FBFD573A14C}
		{456E04E6-367D-40CA-9416-9A3E6D50E461} = {C18697E6-5490-364D-6F4C-4FBFD573A14C}
		{AB446B6D-2C0E-4A7B-A355-DFBA69EA88BD} = {C18697E6-5490-364D-6F4C-4FBFD573A14C}
		{5E69F78B-9F00-4CD0-A2D3-FD60B7F107CD} = {C18697E6-5490-364D-6F4C-4FBFD573A14C}
		{C8E42992-5E42-0C2B-DBFE-AA848D06431C} = {827E0CD3-B72D-47B6-A68D-7590B98EB39B}
		{0DBE92E9-0706-4936-A230-CF7C8D6AA813} = {C8E42992-5E42-0C2B-DBFE-AA848D06431C}
		{C9876C9E-0875-49D2-B89B-0D8318D665E9} = {0AB3BF05-4346-4AA6-1389-037BE0695223}
		{18766F49-3256-4EC7-B4B4-9A43586626C8} = {0AB3BF05-4346-4AA6-1389-037BE0695223}
		{44086AA0-822A-4B03-BA81-60CAD9BB5CC7} = {0AB3BF05-4346-4AA6-1389-037BE0695223}
		{B118B266-13C8-49B3-A9F2-21C76DFC0060} = {0AB3BF05-4346-4AA6-1389-037BE0695223}
	EndGlobalSection
EndGlobal
